{
	"archiveVersion": "1",
	"classes": {},
	"objectVersion": "54",
	"objects": {
		"191CD6FA2847E21E0085CBB6": {
			"fileEncoding": "4",
			"isa": "PBXFileReference",
			"lastKnownFileType": "text.plist.entitlements",
			"path": "of.entitlements",
			"sourceTree": "<group>"
		},
		"191EF70929D778A400F35F26": {
			"isa": "PBXFileReference",
			"lastKnownFileType": "folder",
			"name": "openFrameworks",
			"path": "../../../libs/openFrameworks",
			"sourceTree": "SOURCE_ROOT"
		},
		"19B789C429E5AB4A0082E9B8": {
			"buildActionMask": "2147483647",
			"files": [],
			"inputFileListPaths": [],
			"inputPaths": [],
			"isa": "PBXShellScriptBuildPhase",
			"outputFileListPaths": [],
			"outputPaths": [],
			"runOnlyForDeploymentPostprocessing": "0",
			"shellPath": "/bin/sh",
			"shellScript": "\"$OF_PATH/scripts/osx/xcode_project.sh\"\n",
			"showEnvVarsInLog": "0"
		},
		"268C4878-C2EB-4A2E-AEC8-893025EC4BEF": {
			"children": [
				"5CE46F23-7560-4CDD-96F1-307AB6F17136",
				"D6B3E20C-4644-44E2-BDE9-536FEE6FA88D"
			],
			"isa": "PBXGroup",
			"name": "ofxSocketIO",
			"path": "../../../addons/ofxSocketIO",
			"sourceTree": "SOURCE_ROOT"
		},
		"2A905CB0-7B57-43A8-A1E9-F5D3067771CF": {
			"explicitFileType": "sourcecode.c.h",
			"fileEncoding": "4",
			"isa": "PBXFileReference",
			"name": "ofxSocketIO.h",
			"path": "../../../addons/ofxSocketIO/src/ofxSocketIO.h",
			"sourceTree": "SOURCE_ROOT"
		},
		"484EAC23-950A-4145-881B-558BE3B17E27": {
			"explicitFileType": "sourcecode.c.h",
			"fileEncoding": "4",
			"isa": "PBXFileReference",
			"name": "sio_socket.h",
			"path": "../../../addons/ofxSocketIO/libs/socket.io-client/include/sio_socket.h",
			"sourceTree": "SOURCE_ROOT"
		},
		"49050D5E-5CA2-44AB-8775-1C708ED8963C": {
			"explicitFileType": "sourcecode.c.h",
			"fileEncoding": "4",
			"isa": "PBXFileReference",
			"name": "sio_message.h",
			"path": "../../../addons/ofxSocketIO/libs/socket.io-client/include/sio_message.h",
			"sourceTree": "SOURCE_ROOT"
		},
		"5CE46F23-7560-4CDD-96F1-307AB6F17136": {
			"children": [
				"97588802-7A7F-4AFD-8C8F-95099F68D564"
			],
			"isa": "PBXGroup",
			"name": "libs",
			"path": "../../../addons/ofxSocketIO/libs",
			"sourceTree": "SOURCE_ROOT"
		},
		"61FE1088-7CB0-4509-8B86-AE36A34EA577": {
			"children": [
				"BA9DC6BA-7866-4651-9913-C8EC5F2AD4CB",
				"49050D5E-5CA2-44AB-8775-1C708ED8963C",
				"484EAC23-950A-4145-881B-558BE3B17E27"
			],
			"isa": "PBXGroup",
			"name": "include",
			"path": "../../../addons/ofxSocketIO/libs/socket.io-client/include",
			"sourceTree": "SOURCE_ROOT"
		},
		"97588802-7A7F-4AFD-8C8F-95099F68D564": {
			"children": [
				"61FE1088-7CB0-4509-8B86-AE36A34EA577"
			],
			"isa": "PBXGroup",
			"name": "socket.io-client",
			"path": "../../../addons/ofxSocketIO/libs/socket.io-client",
			"sourceTree": "SOURCE_ROOT"
		},
		"9CA53B86-6FF9-4477-8FED-D6123A05E4FE": {
			"explicitFileType": "sourcecode.cpp.cpp",
			"fileEncoding": "4",
			"isa": "PBXFileReference",
			"name": "ofxSocketIO.cpp",
			"path": "../../../addons/ofxSocketIO/src/ofxSocketIO.cpp",
			"sourceTree": "SOURCE_ROOT"
		},
		"9F641F7F-244A-4E18-946C-B9A12831FC40": {
			"fileRef": "F38FD229-0B14-4FC0-AAFF-022BA258D003",
			"isa": "PBXBuildFile"
		},
		"A0EEAEC9-A08B-40F3-BC91-FD7667748157": {
			"explicitFileType": "sourcecode.c.h",
			"fileEncoding": "4",
			"isa": "PBXFileReference",
			"name": "ofxSocketIOModern.h",
			"path": "../../../addons/ofxSocketIO/src/ofxSocketIOModern.h",
			"sourceTree": "SOURCE_ROOT"
		},
		"BA9DC6BA-7866-4651-9913-C8EC5F2AD4CB": {
			"explicitFileType": "sourcecode.c.h",
			"fileEncoding": "4",
			"isa": "PBXFileReference",
			"name": "sio_client.h",
			"path": "../../../addons/ofxSocketIO/libs/socket.io-client/include/sio_client.h",
			"sourceTree": "SOURCE_ROOT"
		},
		"BB4B014C10F69532006C3DED": {
			"children": [
				"268C4878-C2EB-4A2E-AEC8-893025EC4BEF"
			],
			"isa": "PBXGroup",
			"name": "addons",
			"path": "../../../addons",
			"sourceTree": "<group>"
		},
		"CC7A6BD2-C93F-4FFC-86D8-D02A813E271D": {
			"fileRef": "9CA53B86-6FF9-4477-8FED-D6123A05E4FE",
			"isa": "PBXBuildFile"
		},
		"D5D24A9C-457E-44CB-A85A-12A280B39739": {
			"explicitFileType": "sourcecode.c.h",
			"fileEncoding": "4",
			"isa": "PBXFileReference",
			"name": "ofxSocketIOData.h",
			"path": "../../../addons/ofxSocketIO/src/ofxSocketIOData.h",
			"sourceTree": "SOURCE_ROOT"
		},
		"D6B3E20C-4644-44E2-BDE9-536FEE6FA88D": {
			"children": [
				"9CA53B86-6FF9-4477-8FED-D6123A05E4FE",
				"2A905CB0-7B57-43A8-A1E9-F5D3067771CF",
				"F38FD229-0B14-4FC0-AAFF-022BA258D003",
				"D5D24A9C-457E-44CB-A85A-12A280B39739",
				"A0EEAEC9-A08B-40F3-BC91-FD7667748157"
			],
			"isa": "PBXGroup",
			"name": "src",
			"path": "../../../addons/ofxSocketIO/src",
			"sourceTree": "SOURCE_ROOT"
		},
		"E42962A92163ECCD00A6A9E2": {
			"alwaysOutOfDate": "1",
			"buildActionMask": "2147483647",
			"files": [],
			"inputPaths": [],
			"isa": "PBXShellScriptBuildPhase",
			"name": "Run Script — Compile OF",
			"outputPaths": [],
			"runOnlyForDeploymentPostprocessing": "0",
			"shellPath": "/bin/sh",
			"shellScript": "echo \"💾 Compiling Openframeworks\"\nxcodebuild -project \"$OF_PATH/libs/openFrameworksCompiled/project/osx/openFrameworksLib.xcodeproj\" -target openFrameworks -configuration \"${CONFIGURATION}\"  CLANG_CXX_LANGUAGE_STANDARD=$CLANG_CXX_LANGUAGE_STANDARD MACOSX_DEPLOYMENT_TARGET=$MACOSX_DEPLOYMENT_TARGET GCC_PREPROCESSOR_DEFINITIONS=$USER_PREPROCESSOR_DEFINITIONS\n",
			"showEnvVarsInLog": "0"
		},
		"E4A5B60F29BAAAE400C2D356": {
			"buildActionMask": "2147483647",
			"dstPath": "",
			"dstSubfolderSpec": "6",
			"files": [],
			"isa": "PBXCopyFilesBuildPhase",
			"runOnlyForDeploymentPostprocessing": "0"
		},
		"E4B69B4A0A3A1720003C02F2": {
			"children": [
				"191CD6FA2847E21E0085CBB6",
				"E4B6FCAD0C3E899E008CF71C",
				"E4EB6923138AFD0F00A09F29",
				"E4B69E1C0A3A1BDC003C02F2",
				"191EF70929D778A400F35F26",
				"BB4B014C10F69532006C3DED",
				"E4B69B5B0A3A1756003C02F2"
			],
			"isa": "PBXGroup",
			"sourceTree": "<group>"
		},
		"E4B69B4C0A3A1720003C02F2": {
			"attributes": {
				"LastUpgradeCheck": "0600"
			},
			"buildConfigurationList": "E4B69B4D0A3A1720003C02F2",
			"compatibilityVersion": "Xcode 3.2",
			"developmentRegion": "en",
			"hasScannedForEncodings": "0",
			"isa": "PBXProject",
			"knownRegions": [
				"en",
				"Base"
			],
			"mainGroup": "E4B69B4A0A3A1720003C02F2",
			"productRefGroup": "E4B69B4A0A3A1720003C02F2",
			"projectDirPath": "",
			"projectRoot": "",
			"targets": [
				"E4B69B5A0A3A1756003C02F2"
			]
		},
		"E4B69B4D0A3A1720003C02F2": {
			"buildConfigurations": [
				"E4B69B4E0A3A1720003C02F2",
				"E4B69B4F0A3A1720003C02F2"
			],
			"defaultConfigurationIsVisible": "0",
			"defaultConfigurationName": "Release",
			"isa": "XCConfigurationList"
		},
		"E4B69B4E0A3A1720003C02F2": {
			"baseConfigurationReference": "E4EB6923138AFD0F00A09F29",
			"buildSettings": {
				"CODE_SIGN_ENTITLEMENTS": "of.entitlements",
				"COPY_PHASE_STRIP": "NO",
				"ENABLE_TESTABILITY": "YES",
				"GCC_OPTIMIZATION_LEVEL": "0",
				"GCC_WARN_UNUSED_VARIABLE": "NO",
				"HEADER_SEARCH_PATHS": [
					"$(OF_CORE_HEADERS)",
					"src"
				],
				"OTHER_CPLUSPLUSFLAGS": "-D__MACOSX_CORE__"
			},
			"isa": "XCBuildConfiguration",
			"name": "Debug"
		},
		"E4B69B4F0A3A1720003C02F2": {
			"baseConfigurationReference": "E4EB6923138AFD0F00A09F29",
			"buildSettings": {
				"CODE_SIGN_ENTITLEMENTS": "of.entitlements",
				"COPY_PHASE_STRIP": "YES",
				"GCC_OPTIMIZATION_LEVEL": "3",
				"GCC_UNROLL_LOOPS": "YES",
				"HEADER_SEARCH_PATHS": [
					"$(OF_CORE_HEADERS)",
					"src"
				],
				"OTHER_CPLUSPLUSFLAGS": "-D__MACOSX_CORE__"
			},
			"isa": "XCBuildConfiguration",
			"name": "Release"
		},
		"E4B69B580A3A1756003C02F2": {
			"buildActionMask": "2147483647",
			"files": [
				"E4B69E200A3A1BDC003C02F2",
				"E4B69E210A3A1BDC003C02F2",
				"CC7A6BD2-C93F-4FFC-86D8-D02A813E271D",
				"9F641F7F-244A-4E18-946C-B9A12831FC40"
			],
			"isa": "PBXSourcesBuildPhase",
			"runOnlyForDeploymentPostprocessing": "0"
		},
		"E4B69B590A3A1756003C02F2": {
			"buildActionMask": "2147483647",
			"files": [],
			"isa": "PBXFrameworksBuildPhase",
			"runOnlyForDeploymentPostprocessing": "0"
		},
		"E4B69B5A0A3A1756003C02F2": {
			"buildConfigurationList": "E4B69B5F0A3A1757003C02F2",
			"buildPhases": [
				"E42962A92163ECCD00A6A9E2",
				"E4B69B580A3A1756003C02F2",
				"E4B69B590A3A1756003C02F2",
				"E4C2427710CC5ABF004149E2",
				"E4A5B60F29BAAAE400C2D356",
				"19B789C429E5AB4A0082E9B8"
			],
			"buildRules": [],
			"dependencies": [],
			"isa": "PBXNativeTarget",
			"name": "example",
			"productName": "myOFApp",
			"productReference": "E4B69B5B0A3A1756003C02F2",
			"productType": "com.apple.product-type.application"
		},
		"E4B69B5B0A3A1756003C02F2": {
			"explicitFileType": "wrapper.application",
			"includeInIndex": "0",
			"isa": "PBXFileReference",
			"path": "exampleDebug.app",
			"sourceTree": "BUILT_PRODUCTS_DIR"
		},
		"E4B69B5F0A3A1757003C02F2": {
			"buildConfigurations": [
				"E4B69B600A3A1757003C02F2",
				"E4B69B610A3A1757003C02F2"
			],
			"defaultConfigurationIsVisible": "0",
			"defaultConfigurationName": "Release",
			"isa": "XCConfigurationList"
		},
		"E4B69B600A3A1757003C02F2": {
			"baseConfigurationReference": "E4EB6923138AFD0F00A09F29",
			"buildSettings": {
				"ARCHS": "$(ARCHS_STANDARD)",
				"COPY_PHASE_STRIP": "NO",
				"FRAMEWORK_SEARCH_PATHS": "$(inherited)",
				"GCC_DYNAMIC_NO_PIC": "NO",
				"HEADER_SEARCH_PATHS": [
					"$(OF_CORE_HEADERS)",
					"src",
					"src",
					"../../../addons/ofxSocketIO/libs",
					"../../../addons/ofxSocketIO/libs/socket.io-client",
					"../../../addons/ofxSocketIO/libs/socket.io-client/include",
					"../../../addons/ofxSocketIO/libs/socket.io-client/lib",
					"../../../addons/ofxSocketIO/libs/socket.io-client/lib/linux",
					"../../../addons/ofxSocketIO/libs/socket.io-client/lib/linux64",
					"../../../addons/ofxSocketIO/libs/socket.io-client/lib/linuxarmv6l",
					"../../../addons/ofxSocketIO/libs/socket.io-client/lib/osx",
					"../../../addons/ofxSocketIO/libs/socket.io-client/lib/osx_arm64",
					"../../../addons/ofxSocketIO/src"
				],
				"LIBRARY_SEARCH_PATHS": "$(inherited)",
				"OTHER_LDFLAGS": [
					"$(OF_CORE_LIBS)",
					"$(OF_CORE_FRAMEWORKS)",
					"$(LIB_OF_DEBUG)",
					"../../../addons/ofxSocketIO/libs/socket.io-client/lib/osx/libsioclient.a",
					"../../../addons/ofxSocketIO/libs/socket.io-client/lib/osx/libsioclient_tls.a",
					"../../../addons/ofxSocketIO/libs/socket.io-client/lib/osx/libboost_random-mt.a",
					"../../../addons/ofxSocketIO/libs/socket.io-client/lib/osx/libboost_date_time-mt.a",
					"../../../addons/ofxSocketIO/libs/socket.io-client/lib/osx/libboost_system-mt.a"
				]
			},
			"isa": "XCBuildConfiguration",
			"name": "Debug"
		},
		"E4B69B610A3A1757003C02F2": {
			"baseConfigurationReference": "E4EB6923138AFD0F00A09F29",
			"buildSettings": {
				"ARCHS": "$(ARCHS_STANDARD)",
				"COPY_PHASE_STRIP": "YES",
				"FRAMEWORK_SEARCH_PATHS": "$(inherited)",
				"HEADER_SEARCH_PATHS": [
					"$(OF_CORE_HEADERS)",
					"src",
					"src",
					"../../../addons/ofxSocketIO/libs",
					"../../../addons/ofxSocketIO/libs/socket.io-client",
					"../../../addons/ofxSocketIO/libs/socket.io-client/include",
					"../../../addons/ofxSocketIO/libs/socket.io-client/lib",
					"../../../addons/ofxSocketIO/libs/socket.io-client/lib/linux",
					"../../../addons/ofxSocketIO/libs/socket.io-client/lib/linux64",
					"../../../addons/ofxSocketIO/libs/socket.io-client/lib/linuxarmv6l",
					"../../../addons/ofxSocketIO/libs/socket.io-client/lib/osx",
					"../../../addons/ofxSocketIO/libs/socket.io-client/lib/osx_arm64",
					"../../../addons/ofxSocketIO/src"
				],
				"LIBRARY_SEARCH_PATHS": "$(inherited)",
				"OTHER_LDFLAGS": [
					"$(OF_CORE_LIBS)",
					"$(OF_CORE_FRAMEWORKS)",
					"$(LIB_OF)",
					"../../../addons/ofxSocketIO/libs/socket.io-client/lib/osx/libsioclient.a",
					"../../../addons/ofxSocketIO/libs/socket.io-client/lib/osx/libsioclient_tls.a",
					"../../../addons/ofxSocketIO/libs/socket.io-client/lib/osx/libboost_random-mt.a",
					"../../../addons/ofxSocketIO/libs/socket.io-client/lib/osx/libboost_date_time-mt.a",
					"../../../addons/ofxSocketIO/libs/socket.io-client/lib/osx/libboost_system-mt.a"
				],
				"baseConfigurationReference": "E4EB6923138AFD0F00A09F29"
			},
			"isa": "XCBuildConfiguration",
			"name": "Release"
		},
		"E4B69E1C0A3A1BDC003C02F2": {
			"children": [
				"E4B69E1D0A3A1BDC003C02F2",
				"E4B69E1E0A3A1BDC003C02F2",
				"E4B69E1F0A3A1BDC003C02F2"
			],
			"isa": "PBXGroup",
			"path": "src",
			"sourceTree": "SOURCE_ROOT"
		},
		"E4B69E1D0A3A1BDC003C02F2": {
			"fileEncoding": "4",
			"isa": "PBXFileReference",
			"lastKnownFileType": "sourcecode.cpp.cpp",
			"name": "main.cpp",
			"path": "src/main.cpp",
			"sourceTree": "SOURCE_ROOT"
		},
		"E4B69E1E0A3A1BDC003C02F2": {
			"explicitFileType": "sourcecode.cpp.cpp",
			"fileEncoding": "4",
			"isa": "PBXFileReference",
			"name": "ofApp.cpp",
			"path": "src/ofApp.cpp",
			"sourceTree": "SOURCE_ROOT"
		},
		"E4B69E1F0A3A1BDC003C02F2": {
			"fileEncoding": "4",
			"isa": "PBXFileReference",
			"lastKnownFileType": "sourcecode.c.h",
			"name": "ofApp.h",
			"path": "src/ofApp.h",
			"sourceTree": "SOURCE_ROOT"
		},
		"E4B69E200A3A1BDC003C02F2": {
			"fileRef": "E4B69E1D0A3A1BDC003C02F2",
			"isa": "PBXBuildFile"
		},
		"E4B69E210A3A1BDC003C02F2": {
			"fileRef": "E4B69E1E0A3A1BDC003C02F2",
			"isa": "PBXBuildFile"
		},
		"E4B6FCAD0C3E899E008CF71C": {
			"fileEncoding": "4",
			"isa": "PBXFileReference",
			"lastKnownFileType": "text.plist.xml",
			"path": "openFrameworks-Info.plist",
			"sourceTree": "<group>"
		},
		"E4C2427710CC5ABF004149E2": {
			"buildActionMask": "2147483647",
			"dstPath": "",
			"dstSubfolderSpec": "10",
			"files": [],
			"isa": "PBXCopyFilesBuildPhase",
			"runOnlyForDeploymentPostprocessing": "0"
		},
		"E4EB6923138AFD0F00A09F29": {
			"fileEncoding": "4",
			"isa": "PBXFileReference",
			"lastKnownFileType": "text.xcconfig",
			"path": "Project.xcconfig",
			"sourceTree": "<group>"
		},
		"F38FD229-0B14-4FC0-AAFF-022BA258D003": {
			"explicitFileType": "sourcecode.cpp.cpp",
			"fileEncoding": "4",
			"isa": "PBXFileReference",
			"name": "ofxSocketIOData.cpp",
			"path": "../../../addons/ofxSocketIO/src/ofxSocketIOData.cpp",
			"sourceTree": "SOURCE_ROOT"
		}
	},
	"openFrameworksProjectGeneratorVersion": "21",
	"rootObject": "E4B69B4C0A3A1720003C02F2"
}